PODS:
  - Flutter (1.0.0)
  - flutter_khipu (0.0.1):
    - Flutter
    - KhipuClientIOS (= 2.16.4)
  - integration_test (0.0.1):
    - Flutter
  - KhenshinProtocol (1.0.60)
  - KhenshinSecureMessage (1.4.1):
    - KHTweetNaclSwift (= 1.1.0)
  - KhipuClientIOS (2.16.4):
    - KhenshinProtocol (= 1.0.60)
    - KhenshinSecureMessage (= 1.4.1)
    - Socket.IO-Client-Swift (= 16.1.1)
    - Starscream (= 4.0.8)
  - KHTweetNaclSwift (1.1.0)
  - Socket.IO-Client-Swift (16.1.1):
    - Starscream (~> 4.0.8)
  - Starscream (4.0.8)

DEPENDENCIES:
  - Flutter (from `Flutter`)
  - flutter_khipu (from `.symlinks/plugins/flutter_khipu/ios`)
  - integration_test (from `.symlinks/plugins/integration_test/ios`)

SPEC REPOS:
  trunk:
    - KhenshinProtocol
    - KhenshinSecureMessage
    - KhipuClientIOS
    - KHTweetNaclSwift
    - Socket.IO-Client-Swift
    - Starscream

EXTERNAL SOURCES:
  Flutter:
    :path: Flutter
  flutter_khipu:
    :path: ".symlinks/plugins/flutter_khipu/ios"
  integration_test:
    :path: ".symlinks/plugins/integration_test/ios"

SPEC CHECKSUMS:
  Flutter: cabc95a1d2626b1b06e7179b784ebcf0c0cde467
  flutter_khipu: 2002d3f6b3c2c69517767aa42a991aba1510c46e
  integration_test: 252f60fa39af5e17c3aa9899d35d908a0721b573
  KhenshinProtocol: fe4df3e2969f83661037a0253cb17037688b3572
  KhenshinSecureMessage: bbe01fe234362bb2400114912334f4de59fb7170
  KhipuClientIOS: 7590708e9a25e366ba5ef80d7c816c8343f67b6a
  KHTweetNaclSwift: 1a09d2967f9ecbd8d6176b30a96e1e280c1f1d90
  Socket.IO-Client-Swift: 3614bea82ba005df1c2ff01154f4004993e05ad7
  Starscream: 19b5533ddb925208db698f0ac508a100b884a1b9

PODFILE CHECKSUM: a57f30d18f102dd3ce366b1d62a55ecbef2158e5

COCOAPODS: 1.16.2
